
Microsoft Visual Studio Solution File, Format Version 12.00
# Visual Studio Version 17
VisualStudioVersion = 17.13.35931.197 d17.13
MinimumVisualStudioVersion = 10.0.40219.1
Project("{FAE04EC0-301F-11D3-BF4B-00C04F79EFBC}") = "SextoProjeto", "SextoProjeto\SextoProjeto.csproj", "{401C8A77-A5F0-4122-B917-4009BD2F302C}"
EndProject
Global
	GlobalSection(SolutionConfigurationPlatforms) = preSolution
		Debug|Any CPU = Debug|Any CPU
		Release|Any CPU = Release|Any CPU
	EndGlobalSection
	GlobalSection(ProjectConfigurationPlatforms) = postSolution
		{401C8A77-A5F0-4122-B917-4009BD2F302C}.Debug|Any CPU.ActiveCfg = Debug|Any CPU
		{401C8A77-A5F0-4122-B917-4009BD2F302C}.Debug|Any CPU.Build.0 = Debug|Any CPU
		{401C8A77-A5F0-4122-B917-4009BD2F302C}.Release|Any CPU.ActiveCfg = Release|Any CPU
		{401C8A77-A5F0-4122-B917-4009BD2F302C}.Release|Any CPU.Build.0 = Release|Any CPU
	EndGlobalSection
	GlobalSection(SolutionProperties) = preSolution
		HideSolutionNode = FALSE
	EndGlobalSection
	GlobalSection(ExtensibilityGlobals) = postSolution
		SolutionGuid = {EB1A4E78-6EA3-4309-854A-646AF310D978}
	EndGlobalSection
EndGlobal
