
Microsoft Visual Studio Solution File, Format Version 12.00
# Visual Studio Version 17
VisualStudioVersion = 17.13.35931.197 d17.13
MinimumVisualStudioVersion = 10.0.40219.1
Project("{FAE04EC0-301F-11D3-BF4B-00C04F79EFBC}") = "QuintoProjeto", "QuintoProjeto\QuintoProjeto.csproj", "{F5CCCD9D-15E0-4C1C-AD46-724E52C03018}"
EndProject
Global
	GlobalSection(SolutionConfigurationPlatforms) = preSolution
		Debug|Any CPU = Debug|Any CPU
		Release|Any CPU = Release|Any CPU
	EndGlobalSection
	GlobalSection(ProjectConfigurationPlatforms) = postSolution
		{F5CCCD9D-15E0-4C1C-AD46-724E52C03018}.Debug|Any CPU.ActiveCfg = Debug|Any CPU
		{F5CCCD9D-15E0-4C1C-AD46-724E52C03018}.Debug|Any CPU.Build.0 = Debug|Any CPU
		{F5CCCD9D-15E0-4C1C-AD46-724E52C03018}.Release|Any CPU.ActiveCfg = Release|Any CPU
		{F5CCCD9D-15E0-4C1C-AD46-724E52C03018}.Release|Any CPU.Build.0 = Release|Any CPU
	EndGlobalSection
	GlobalSection(SolutionProperties) = preSolution
		HideSolutionNode = FALSE
	EndGlobalSection
	GlobalSection(ExtensibilityGlobals) = postSolution
		SolutionGuid = {90C60F1F-7BAD-4D92-B2B2-4700F12549A7}
	EndGlobalSection
EndGlobal
