
Microsoft Visual Studio Solution File, Format Version 12.00
# Visual Studio Version 17
VisualStudioVersion = 17.13.35931.197 d17.13
MinimumVisualStudioVersion = 10.0.40219.1
Project("{FAE04EC0-301F-11D3-BF4B-00C04F79EFBC}") = "ExercicioProposto3", "ExercicioProposto3.csproj", "{95944111-714A-4F0D-B027-74ECBA837417}"
EndProject
Global
	GlobalSection(SolutionConfigurationPlatforms) = preSolution
		Debug|Any CPU = Debug|Any CPU
		Release|Any CPU = Release|Any CPU
	EndGlobalSection
	GlobalSection(ProjectConfigurationPlatforms) = postSolution
		{95944111-714A-4F0D-B027-74ECBA837417}.Debug|Any CPU.ActiveCfg = Debug|Any CPU
		{95944111-714A-4F0D-B027-74ECBA837417}.Debug|Any CPU.Build.0 = Debug|Any CPU
		{95944111-714A-4F0D-B027-74ECBA837417}.Release|Any CPU.ActiveCfg = Release|Any CPU
		{95944111-714A-4F0D-B027-74ECBA837417}.Release|Any CPU.Build.0 = Release|Any CPU
	EndGlobalSection
	GlobalSection(SolutionProperties) = preSolution
		HideSolutionNode = FALSE
	EndGlobalSection
	GlobalSection(ExtensibilityGlobals) = postSolution
		SolutionGuid = {AE77AFF9-AE2F-4648-8217-F86C3E6D8EB1}
	EndGlobalSection
EndGlobal
