
Microsoft Visual Studio Solution File, Format Version 12.00
# Visual Studio Version 17
VisualStudioVersion = 17.13.35931.197 d17.13
MinimumVisualStudioVersion = 10.0.40219.1
Project("{FAE04EC0-301F-11D3-BF4B-00C04F79EFBC}") = "ExercicioProposto4", "ExercicioProposto4.csproj", "{60F960DD-EEDE-4713-BFAD-553D56D48CDE}"
EndProject
Global
	GlobalSection(SolutionConfigurationPlatforms) = preSolution
		Debug|Any CPU = Debug|Any CPU
		Release|Any CPU = Release|Any CPU
	EndGlobalSection
	GlobalSection(ProjectConfigurationPlatforms) = postSolution
		{60F960DD-EEDE-4713-BFAD-553D56D48CDE}.Debug|Any CPU.ActiveCfg = Debug|Any CPU
		{60F960DD-EEDE-4713-BFAD-553D56D48CDE}.Debug|Any CPU.Build.0 = Debug|Any CPU
		{60F960DD-EEDE-4713-BFAD-553D56D48CDE}.Release|Any CPU.ActiveCfg = Release|Any CPU
		{60F960DD-EEDE-4713-BFAD-553D56D48CDE}.Release|Any CPU.Build.0 = Release|Any CPU
	EndGlobalSection
	GlobalSection(SolutionProperties) = preSolution
		HideSolutionNode = FALSE
	EndGlobalSection
	GlobalSection(ExtensibilityGlobals) = postSolution
		SolutionGuid = {309687A7-06BC-4705-865A-9221E115B2E0}
	EndGlobalSection
EndGlobal
